
Microsoft Visual Studio Solution File, Format Version 12.00
# Visual Studio Version 16
VisualStudioVersion = 16.0.29025.244
MinimumVisualStudioVersion = 10.0.40219.1
Project("{2150E333-8FDC-42A3-9474-1A3956D46DE8}") = "1-API", "1-API", "{78E4C2B9-CD8F-42AB-BEC5-287B2DA87F0E}"
EndProject
Project("{2150E333-8FDC-42A3-9474-1A3956D46DE8}") = "2-Application", "2-Application", "{BD5374B7-6A7F-41BC-B076-9C9BA3F56DB0}"
EndProject
Project("{2150E333-8FDC-42A3-9474-1A3956D46DE8}") = "3-Domain", "3-Domain", "{501C3BC0-EAC1-499D-ACCB-196CBAB998E6}"
EndProject
Project("{2150E333-8FDC-42A3-9474-1A3956D46DE8}") = "4-Data", "4-Data", "{D6CA5DE2-3BB1-47A4-BDEC-A08CBE04F3F4}"
EndProject
Project("{9A19103F-16F7-4668-BE54-9A1E7A4F7556}") = "AgendaMedica.API", "AgendaMedica.API\AgendaMedica.API.csproj", "{FE2E6969-EDFF-43AB-A593-45814E150D6E}"
EndProject
Project("{9A19103F-16F7-4668-BE54-9A1E7A4F7556}") = "AgendaMedica.Data", "AgendaMedica.Data\AgendaMedica.Data.csproj", "{90842CC9-B7EA-4EC5-9469-A3B6EA019FDA}"
EndProject
Project("{9A19103F-16F7-4668-BE54-9A1E7A4F7556}") = "AgendaMedica.Domain", "AgendaMedica.Domain\AgendaMedica.Domain.csproj", "{E19779FB-93D3-400D-86D5-A1D85C230CFF}"
EndProject
Project("{9A19103F-16F7-4668-BE54-9A1E7A4F7556}") = "AgendaMedica.Application", "AgendaMedica.Application\AgendaMedica.Application.csproj", "{267C3D84-359D-4EED-A6BE-39C951D7A0B7}"
EndProject
Project("{9A19103F-16F7-4668-BE54-9A1E7A4F7556}") = "AgendaMedica.Domain.Test", "AgendaMedica.Domain.Teste\AgendaMedica.Domain.Test.csproj", "{9B4EE35E-00A0-48D3-91FE-DBBBB9768AA0}"
EndProject
Global
	GlobalSection(SolutionConfigurationPlatforms) = preSolution
		Debug|Any CPU = Debug|Any CPU
		Release|Any CPU = Release|Any CPU
	EndGlobalSection
	GlobalSection(ProjectConfigurationPlatforms) = postSolution
		{FE2E6969-EDFF-43AB-A593-45814E150D6E}.Debug|Any CPU.ActiveCfg = Debug|Any CPU
		{FE2E6969-EDFF-43AB-A593-45814E150D6E}.Debug|Any CPU.Build.0 = Debug|Any CPU
		{FE2E6969-EDFF-43AB-A593-45814E150D6E}.Release|Any CPU.ActiveCfg = Release|Any CPU
		{FE2E6969-EDFF-43AB-A593-45814E150D6E}.Release|Any CPU.Build.0 = Release|Any CPU
		{90842CC9-B7EA-4EC5-9469-A3B6EA019FDA}.Debug|Any CPU.ActiveCfg = Debug|Any CPU
		{90842CC9-B7EA-4EC5-9469-A3B6EA019FDA}.Debug|Any CPU.Build.0 = Debug|Any CPU
		{90842CC9-B7EA-4EC5-9469-A3B6EA019FDA}.Release|Any CPU.ActiveCfg = Release|Any CPU
		{90842CC9-B7EA-4EC5-9469-A3B6EA019FDA}.Release|Any CPU.Build.0 = Release|Any CPU
		{E19779FB-93D3-400D-86D5-A1D85C230CFF}.Debug|Any CPU.ActiveCfg = Debug|Any CPU
		{E19779FB-93D3-400D-86D5-A1D85C230CFF}.Debug|Any CPU.Build.0 = Debug|Any CPU
		{E19779FB-93D3-400D-86D5-A1D85C230CFF}.Release|Any CPU.ActiveCfg = Release|Any CPU
		{E19779FB-93D3-400D-86D5-A1D85C230CFF}.Release|Any CPU.Build.0 = Release|Any CPU
		{267C3D84-359D-4EED-A6BE-39C951D7A0B7}.Debug|Any CPU.ActiveCfg = Debug|Any CPU
		{267C3D84-359D-4EED-A6BE-39C951D7A0B7}.Debug|Any CPU.Build.0 = Debug|Any CPU
		{267C3D84-359D-4EED-A6BE-39C951D7A0B7}.Release|Any CPU.ActiveCfg = Release|Any CPU
		{267C3D84-359D-4EED-A6BE-39C951D7A0B7}.Release|Any CPU.Build.0 = Release|Any CPU
		{9B4EE35E-00A0-48D3-91FE-DBBBB9768AA0}.Debug|Any CPU.ActiveCfg = Debug|Any CPU
		{9B4EE35E-00A0-48D3-91FE-DBBBB9768AA0}.Debug|Any CPU.Build.0 = Debug|Any CPU
		{9B4EE35E-00A0-48D3-91FE-DBBBB9768AA0}.Release|Any CPU.ActiveCfg = Release|Any CPU
		{9B4EE35E-00A0-48D3-91FE-DBBBB9768AA0}.Release|Any CPU.Build.0 = Release|Any CPU
	EndGlobalSection
	GlobalSection(SolutionProperties) = preSolution
		HideSolutionNode = FALSE
	EndGlobalSection
	GlobalSection(NestedProjects) = preSolution
		{FE2E6969-EDFF-43AB-A593-45814E150D6E} = {78E4C2B9-CD8F-42AB-BEC5-287B2DA87F0E}
		{90842CC9-B7EA-4EC5-9469-A3B6EA019FDA} = {D6CA5DE2-3BB1-47A4-BDEC-A08CBE04F3F4}
		{E19779FB-93D3-400D-86D5-A1D85C230CFF} = {501C3BC0-EAC1-499D-ACCB-196CBAB998E6}
		{267C3D84-359D-4EED-A6BE-39C951D7A0B7} = {BD5374B7-6A7F-41BC-B076-9C9BA3F56DB0}
		{9B4EE35E-00A0-48D3-91FE-DBBBB9768AA0} = {501C3BC0-EAC1-499D-ACCB-196CBAB998E6}
	EndGlobalSection
	GlobalSection(ExtensibilityGlobals) = postSolution
		SolutionGuid = {E59886FA-848F-458E-BEC6-B073AB8EEF27}
	EndGlobalSection
EndGlobal
